// !$*UTF8*$!
{
	archiveVersion = 1;
	classes = {
	};
	objectVersion = 46;
	objects = {

/* Begin PBXBuildFile section */
		30D366C71573C9EA003471CC /* UIKit.framework in Frameworks */ = {isa = PBXBuildFile; fileRef = 30D366C61573C9EA003471CC /* UIKit.framework */; };
		30D366C91573C9EA003471CC /* Foundation.framework in Frameworks */ = {isa = PBXBuildFile; fileRef = 30D366C81573C9EA003471CC /* Foundation.framework */; };
		30D366CB1573C9EA003471CC /* CoreGraphics.framework in Frameworks */ = {isa = PBXBuildFile; fileRef = 30D366CA1573C9EA003471CC /* CoreGraphics.framework */; };
		30D366D11573C9EA003471CC /* InfoPlist.strings in Resources */ = {isa = PBXBuildFile; fileRef = 30D366CF1573C9EA003471CC /* InfoPlist.strings */; };
		30D366D31573C9EA003471CC /* main.m in Sources */ = {isa = PBXBuildFile; fileRef = 30D366D21573C9EA003471CC /* main.m */; };
		30D366D71573C9EA003471CC /* AppDelegate.m in Sources */ = {isa = PBXBuildFile; fileRef = 30D366D61573C9EA003471CC /* AppDelegate.m */; };
		30D366EA1573CBD8003471CC /* AVFoundation.framework in Frameworks */ = {isa = PBXBuildFile; fileRef = 30D366E91573CBD8003471CC /* AVFoundation.framework */; };
		30D366EC1573CBE1003471CC /* CoreVideo.framework in Frameworks */ = {isa = PBXBuildFile; fileRef = 30D366EB1573CBE1003471CC /* CoreVideo.framework */; };
		30D367051573D1DE003471CC /* AssetsLibrary.framework in Frameworks */ = {isa = PBXBuildFile; fileRef = 30D367041573D1DE003471CC /* AssetsLibrary.framework */; };
		30E35B311573F98700A9A1DA /* CoreImage.framework in Frameworks */ = {isa = PBXBuildFile; fileRef = 30E35B301573F98700A9A1DA /* CoreImage.framework */; };
		30E35B361573F9D200A9A1DA /* CoreMedia.framework in Frameworks */ = {isa = PBXBuildFile; fileRef = 30E35B351573F9D200A9A1DA /* CoreMedia.framework */; };
		B63CBD5B178B13FD00CD9461 /* NSString+Utils.m in Sources */ = {isa = PBXBuildFile; fileRef = B63CBD5A178B13FD00CD9461 /* NSString+Utils.m */; };
		B64FFFD7177C6684002C585C /* libz.dylib in Frameworks */ = {isa = PBXBuildFile; fileRef = B64FFFD6177C6684002C585C /* libz.dylib */; };
		B64FFFD9177C6798002C585C /* libiconv.dylib in Frameworks */ = {isa = PBXBuildFile; fileRef = B64FFFD8177C6798002C585C /* libiconv.dylib */; };
		B6B57FEF17818E6C00E911E4 /* libbz2.dylib in Frameworks */ = {isa = PBXBuildFile; fileRef = B6B57FEE17818E6C00E911E4 /* libbz2.dylib */; };
		B6B5800F1781CFFC00E911E4 /* libavutil.a in Frameworks */ = {isa = PBXBuildFile; fileRef = B6B5800A1781CFFC00E911E4 /* libavutil.a */; };
		B6B580101781CFFC00E911E4 /* libswscale.a in Frameworks */ = {isa = PBXBuildFile; fileRef = B6B5800B1781CFFC00E911E4 /* libswscale.a */; };
		B6B580111781CFFC00E911E4 /* libavcodec.a in Frameworks */ = {isa = PBXBuildFile; fileRef = B6B5800C1781CFFC00E911E4 /* libavcodec.a */; };
		B6B580121781CFFC00E911E4 /* libavformat.a in Frameworks */ = {isa = PBXBuildFile; fileRef = B6B5800D1781CFFC00E911E4 /* libavformat.a */; };
		B6B580131781CFFC00E911E4 /* libavdevice.a in Frameworks */ = {isa = PBXBuildFile; fileRef = B6B5800E1781CFFC00E911E4 /* libavdevice.a */; };
		B6CEF8A9178DCC3500D013C0 /* copy_stream.m in Sources */ = {isa = PBXBuildFile; fileRef = B6B580411787272D00E911E4 /* copy_stream.m */; };
		B6CEF8AE178EE70000D013C0 /* IRWRTSPCapture.m in Sources */ = {isa = PBXBuildFile; fileRef = B6CEF8AD178EE70000D013C0 /* IRWRTSPCapture.m */; };
/* End PBXBuildFile section */

/* Begin PBXFileReference section */
		30D366C21573C9EA003471CC /* RecordWithFFmpeg.app */ = {isa = PBXFileReference; explicitFileType = wrapper.application; includeInIndex = 0; path = RecordWithFFmpeg.app; sourceTree = BUILT_PRODUCTS_DIR; };
		30D366C61573C9EA003471CC /* UIKit.framework */ = {isa = PBXFileReference; lastKnownFileType = wrapper.framework; name = UIKit.framework; path = System/Library/Frameworks/UIKit.framework; sourceTree = SDKROOT; };
		30D366C81573C9EA003471CC /* Foundation.framework */ = {isa = PBXFileReference; lastKnownFileType = wrapper.framework; name = Foundation.framework; path = System/Library/Frameworks/Foundation.framework; sourceTree = SDKROOT; };
		30D366CA1573C9EA003471CC /* CoreGraphics.framework */ = {isa = PBXFileReference; lastKnownFileType = wrapper.framework; name = CoreGraphics.framework; path = System/Library/Frameworks/CoreGraphics.framework; sourceTree = SDKROOT; };
		30D366CE1573C9EA003471CC /* RecordWithFFmpeg-Info.plist */ = {isa = PBXFileReference; lastKnownFileType = text.plist.xml; path = "RecordWithFFmpeg-Info.plist"; sourceTree = "<group>"; };
		30D366D01573C9EA003471CC /* en */ = {isa = PBXFileReference; lastKnownFileType = text.plist.strings; name = en; path = en.lproj/InfoPlist.strings; sourceTree = "<group>"; };
		30D366D21573C9EA003471CC /* main.m */ = {isa = PBXFileReference; lastKnownFileType = sourcecode.c.objc; path = main.m; sourceTree = "<group>"; };
		30D366D41573C9EA003471CC /* RecordWithFFmpeg-Prefix.pch */ = {isa = PBXFileReference; lastKnownFileType = sourcecode.c.h; path = "RecordWithFFmpeg-Prefix.pch"; sourceTree = "<group>"; };
		30D366D51573C9EA003471CC /* AppDelegate.h */ = {isa = PBXFileReference; lastKnownFileType = sourcecode.c.h; path = AppDelegate.h; sourceTree = "<group>"; };
		30D366D61573C9EA003471CC /* AppDelegate.m */ = {isa = PBXFileReference; lastKnownFileType = sourcecode.c.objc; path = AppDelegate.m; sourceTree = "<group>"; };
		30D366E91573CBD8003471CC /* AVFoundation.framework */ = {isa = PBXFileReference; lastKnownFileType = wrapper.framework; name = AVFoundation.framework; path = System/Library/Frameworks/AVFoundation.framework; sourceTree = SDKROOT; };
		30D366EB1573CBE1003471CC /* CoreVideo.framework */ = {isa = PBXFileReference; lastKnownFileType = wrapper.framework; name = CoreVideo.framework; path = System/Library/Frameworks/CoreVideo.framework; sourceTree = SDKROOT; };
		30D367041573D1DE003471CC /* AssetsLibrary.framework */ = {isa = PBXFileReference; lastKnownFileType = wrapper.framework; name = AssetsLibrary.framework; path = System/Library/Frameworks/AssetsLibrary.framework; sourceTree = SDKROOT; };
		30E35B301573F98700A9A1DA /* CoreImage.framework */ = {isa = PBXFileReference; lastKnownFileType = wrapper.framework; name = CoreImage.framework; path = System/Library/Frameworks/CoreImage.framework; sourceTree = SDKROOT; };
		30E35B351573F9D200A9A1DA /* CoreMedia.framework */ = {isa = PBXFileReference; lastKnownFileType = wrapper.framework; name = CoreMedia.framework; path = System/Library/Frameworks/CoreMedia.framework; sourceTree = SDKROOT; };
		B63CBD59178B13FD00CD9461 /* NSString+Utils.h */ = {isa = PBXFileReference; fileEncoding = 4; lastKnownFileType = sourcecode.c.h; path = "NSString+Utils.h"; sourceTree = "<group>"; };
		B63CBD5A178B13FD00CD9461 /* NSString+Utils.m */ = {isa = PBXFileReference; fileEncoding = 4; lastKnownFileType = sourcecode.c.objc; path = "NSString+Utils.m"; sourceTree = "<group>"; };
		B64FFFD6177C6684002C585C /* libz.dylib */ = {isa = PBXFileReference; lastKnownFileType = "compiled.mach-o.dylib"; name = libz.dylib; path = usr/lib/libz.dylib; sourceTree = SDKROOT; };
		B64FFFD8177C6798002C585C /* libiconv.dylib */ = {isa = PBXFileReference; lastKnownFileType = "compiled.mach-o.dylib"; name = libiconv.dylib; path = usr/lib/libiconv.dylib; sourceTree = SDKROOT; };
		B6B57FEE17818E6C00E911E4 /* libbz2.dylib */ = {isa = PBXFileReference; lastKnownFileType = "compiled.mach-o.dylib"; name = libbz2.dylib; path = usr/lib/libbz2.dylib; sourceTree = SDKROOT; };
		B6B5800A1781CFFC00E911E4 /* libavutil.a */ = {isa = PBXFileReference; lastKnownFileType = archive.ar; name = libavutil.a; path = ffmpeg4ios/lib/libavutil.a; sourceTree = "<group>"; };
		B6B5800B1781CFFC00E911E4 /* libswscale.a */ = {isa = PBXFileReference; lastKnownFileType = archive.ar; name = libswscale.a; path = ffmpeg4ios/lib/libswscale.a; sourceTree = "<group>"; };
		B6B5800C1781CFFC00E911E4 /* libavcodec.a */ = {isa = PBXFileReference; lastKnownFileType = archive.ar; name = libavcodec.a; path = ffmpeg4ios/lib/libavcodec.a; sourceTree = "<group>"; };
		B6B5800D1781CFFC00E911E4 /* libavformat.a */ = {isa = PBXFileReference; lastKnownFileType = archive.ar; name = libavformat.a; path = ffmpeg4ios/lib/libavformat.a; sourceTree = "<group>"; };
		B6B5800E1781CFFC00E911E4 /* libavdevice.a */ = {isa = PBXFileReference; lastKnownFileType = archive.ar; name = libavdevice.a; path = ffmpeg4ios/lib/libavdevice.a; sourceTree = "<group>"; };
		B6B580411787272D00E911E4 /* copy_stream.m */ = {isa = PBXFileReference; fileEncoding = 4; lastKnownFileType = sourcecode.c.objc; path = copy_stream.m; sourceTree = "<group>"; };
		B6CEF8AA178ED24E00D013C0 /* rtsp_download.m */ = {isa = PBXFileReference; fileEncoding = 4; lastKnownFileType = sourcecode.c.objc; path = rtsp_download.m; sourceTree = "<group>"; };
		B6CEF8AC178EE70000D013C0 /* IRWRTSPCapture.h */ = {isa = PBXFileReference; fileEncoding = 4; lastKnownFileType = sourcecode.c.h; path = IRWRTSPCapture.h; sourceTree = "<group>"; };
		B6CEF8AD178EE70000D013C0 /* IRWRTSPCapture.m */ = {isa = PBXFileReference; fileEncoding = 4; lastKnownFileType = sourcecode.c.objc; path = IRWRTSPCapture.m; sourceTree = "<group>"; };
/* End PBXFileReference section */

/* Begin PBXFrameworksBuildPhase section */
		30D366BF1573C9EA003471CC /* Frameworks */ = {
			isa = PBXFrameworksBuildPhase;
			buildActionMask = 2147483647;
			files = (
				B6B57FEF17818E6C00E911E4 /* libbz2.dylib in Frameworks */,
				B64FFFD9177C6798002C585C /* libiconv.dylib in Frameworks */,
				B64FFFD7177C6684002C585C /* libz.dylib in Frameworks */,
				30E35B361573F9D200A9A1DA /* CoreMedia.framework in Frameworks */,
				30D366CB1573C9EA003471CC /* CoreGraphics.framework in Frameworks */,
				30E35B311573F98700A9A1DA /* CoreImage.framework in Frameworks */,
				30D366EA1573CBD8003471CC /* AVFoundation.framework in Frameworks */,
				30D367051573D1DE003471CC /* AssetsLibrary.framework in Frameworks */,
				30D366EC1573CBE1003471CC /* CoreVideo.framework in Frameworks */,
				30D366C71573C9EA003471CC /* UIKit.framework in Frameworks */,
				30D366C91573C9EA003471CC /* Foundation.framework in Frameworks */,
				B6B5800F1781CFFC00E911E4 /* libavutil.a in Frameworks */,
				B6B580101781CFFC00E911E4 /* libswscale.a in Frameworks */,
				B6B580111781CFFC00E911E4 /* libavcodec.a in Frameworks */,
				B6B580121781CFFC00E911E4 /* libavformat.a in Frameworks */,
				B6B580131781CFFC00E911E4 /* libavdevice.a in Frameworks */,
			);
			runOnlyForDeploymentPostprocessing = 0;
		};
/* End PBXFrameworksBuildPhase section */

/* Begin PBXGroup section */
		30D366B71573C9EA003471CC = {
			isa = PBXGroup;
			children = (
				B6B5800A1781CFFC00E911E4 /* libavutil.a */,
				B6B5800B1781CFFC00E911E4 /* libswscale.a */,
				B6B5800C1781CFFC00E911E4 /* libavcodec.a */,
				B6B5800D1781CFFC00E911E4 /* libavformat.a */,
				B6B5800E1781CFFC00E911E4 /* libavdevice.a */,
				B6B57FEE17818E6C00E911E4 /* libbz2.dylib */,
				B64FFFD8177C6798002C585C /* libiconv.dylib */,
				B64FFFD6177C6684002C585C /* libz.dylib */,
				30D366CC1573C9EA003471CC /* RecordWithFFmpeg */,
				30D366C51573C9EA003471CC /* Frameworks */,
				30D366C31573C9EA003471CC /* Products */,
			);
			sourceTree = "<group>";
		};
		30D366C31573C9EA003471CC /* Products */ = {
			isa = PBXGroup;
			children = (
				30D366C21573C9EA003471CC /* RecordWithFFmpeg.app */,
			);
			name = Products;
			sourceTree = "<group>";
		};
		30D366C51573C9EA003471CC /* Frameworks */ = {
			isa = PBXGroup;
			children = (
				30E35B351573F9D200A9A1DA /* CoreMedia.framework */,
				30E35B301573F98700A9A1DA /* CoreImage.framework */,
				30D367041573D1DE003471CC /* AssetsLibrary.framework */,
				30D366EB1573CBE1003471CC /* CoreVideo.framework */,
				30D366E91573CBD8003471CC /* AVFoundation.framework */,
				30D366C61573C9EA003471CC /* UIKit.framework */,
				30D366C81573C9EA003471CC /* Foundation.framework */,
				30D366CA1573C9EA003471CC /* CoreGraphics.framework */,
			);
			name = Frameworks;
			sourceTree = "<group>";
		};
		30D366CC1573C9EA003471CC /* RecordWithFFmpeg */ = {
			isa = PBXGroup;
			children = (
				B6CEF8AC178EE70000D013C0 /* IRWRTSPCapture.h */,
				B6CEF8AD178EE70000D013C0 /* IRWRTSPCapture.m */,
				B6CEF8AA178ED24E00D013C0 /* rtsp_download.m */,
				B63CBD59178B13FD00CD9461 /* NSString+Utils.h */,
				B63CBD5A178B13FD00CD9461 /* NSString+Utils.m */,
				B6B580411787272D00E911E4 /* copy_stream.m */,
				30D366D51573C9EA003471CC /* AppDelegate.h */,
				30D366D61573C9EA003471CC /* AppDelegate.m */,
				30D366CD1573C9EA003471CC /* Supporting Files */,
			);
			name = RecordWithFFmpeg;
			path = "FFAVFrames-test";
			sourceTree = "<group>";
		};
		30D366CD1573C9EA003471CC /* Supporting Files */ = {
			isa = PBXGroup;
			children = (
				30D366CE1573C9EA003471CC /* RecordWithFFmpeg-Info.plist */,
				30D366CF1573C9EA003471CC /* InfoPlist.strings */,
				30D366D21573C9EA003471CC /* main.m */,
				30D366D41573C9EA003471CC /* RecordWithFFmpeg-Prefix.pch */,
			);
			name = "Supporting Files";
			sourceTree = "<group>";
		};
/* End PBXGroup section */

/* Begin PBXNativeTarget section */
		30D366C11573C9EA003471CC /* RecordWithFFmpeg */ = {
			isa = PBXNativeTarget;
			buildConfigurationList = 30D366E01573C9EB003471CC /* Build configuration list for PBXNativeTarget "RecordWithFFmpeg" */;
			buildPhases = (
				30D366BE1573C9EA003471CC /* Sources */,
				30D366BF1573C9EA003471CC /* Frameworks */,
				30D366C01573C9EA003471CC /* Resources */,
			);
			buildRules = (
			);
			dependencies = (
			);
			name = RecordWithFFmpeg;
			productName = "FFAVFrames-test";
			productReference = 30D366C21573C9EA003471CC /* RecordWithFFmpeg.app */;
			productType = "com.apple.product-type.application";
		};
/* End PBXNativeTarget section */

/* Begin PBXProject section */
		30D366B91573C9EA003471CC /* Project object */ = {
			isa = PBXProject;
			attributes = {
				LastUpgradeCheck = 0430;
				ORGANIZATIONNAME = none;
			};
			buildConfigurationList = 30D366BC1573C9EA003471CC /* Build configuration list for PBXProject "RecordWithFFmpeg" */;
			compatibilityVersion = "Xcode 3.2";
			developmentRegion = English;
			hasScannedForEncodings = 0;
			knownRegions = (
				en,
			);
			mainGroup = 30D366B71573C9EA003471CC;
			productRefGroup = 30D366C31573C9EA003471CC /* Products */;
			projectDirPath = "";
			projectRoot = "";
			targets = (
				30D366C11573C9EA003471CC /* RecordWithFFmpeg */,
			);
		};
/* End PBXProject section */

/* Begin PBXResourcesBuildPhase section */
		30D366C01573C9EA003471CC /* Resources */ = {
			isa = PBXResourcesBuildPhase;
			buildActionMask = 2147483647;
			files = (
				30D366D11573C9EA003471CC /* InfoPlist.strings in Resources */,
			);
			runOnlyForDeploymentPostprocessing = 0;
		};
/* End PBXResourcesBuildPhase section */

/* Begin PBXSourcesBuildPhase section */
		30D366BE1573C9EA003471CC /* Sources */ = {
			isa = PBXSourcesBuildPhase;
			buildActionMask = 2147483647;
			files = (
				30D366D31573C9EA003471CC /* main.m in Sources */,
				30D366D71573C9EA003471CC /* AppDelegate.m in Sources */,
				B63CBD5B178B13FD00CD9461 /* NSString+Utils.m in Sources */,
				B6CEF8A9178DCC3500D013C0 /* copy_stream.m in Sources */,
				B6CEF8AE178EE70000D013C0 /* IRWRTSPCapture.m in Sources */,
			);
			runOnlyForDeploymentPostprocessing = 0;
		};
/* End PBXSourcesBuildPhase section */

/* Begin PBXVariantGroup section */
		30D366CF1573C9EA003471CC /* InfoPlist.strings */ = {
			isa = PBXVariantGroup;
			children = (
				30D366D01573C9EA003471CC /* en */,
			);
			name = InfoPlist.strings;
			sourceTree = "<group>";
		};
/* End PBXVariantGroup section */

/* Begin XCBuildConfiguration section */
		30D366DE1573C9EB003471CC /* Debug */ = {
			isa = XCBuildConfiguration;
			buildSettings = {
				ALWAYS_SEARCH_USER_PATHS = NO;
				ARCHS = "$(ARCHS_STANDARD_32_BIT)";
				CLANG_ENABLE_OBJC_ARC = YES;
				"CODE_SIGN_IDENTITY[sdk=iphoneos*]" = "iPhone Developer";
				COPY_PHASE_STRIP = NO;
				GCC_C_LANGUAGE_STANDARD = gnu99;
				GCC_DYNAMIC_NO_PIC = NO;
				GCC_OPTIMIZATION_LEVEL = 0;
				GCC_PREPROCESSOR_DEFINITIONS = (
					"DEBUG=1",
					"$(inherited)",
				);
				GCC_SYMBOLS_PRIVATE_EXTERN = NO;
				GCC_VERSION = com.apple.compilers.llvm.clang.1_0;
				GCC_WARN_ABOUT_RETURN_TYPE = YES;
				GCC_WARN_UNINITIALIZED_AUTOS = YES;
				GCC_WARN_UNUSED_VARIABLE = YES;
				IPHONEOS_DEPLOYMENT_TARGET = 5.0;
				SDKROOT = iphoneos;
			};
			name = Debug;
		};
		30D366DF1573C9EB003471CC /* Release */ = {
			isa = XCBuildConfiguration;
			buildSettings = {
				ALWAYS_SEARCH_USER_PATHS = NO;
				ARCHS = "$(ARCHS_STANDARD_32_BIT)";
				CLANG_ENABLE_OBJC_ARC = YES;
				"CODE_SIGN_IDENTITY[sdk=iphoneos*]" = "iPhone Developer";
				COPY_PHASE_STRIP = YES;
				GCC_C_LANGUAGE_STANDARD = gnu99;
				GCC_VERSION = com.apple.compilers.llvm.clang.1_0;
				GCC_WARN_ABOUT_RETURN_TYPE = YES;
				GCC_WARN_UNINITIALIZED_AUTOS = YES;
				GCC_WARN_UNUSED_VARIABLE = YES;
				IPHONEOS_DEPLOYMENT_TARGET = 5.0;
				OTHER_CFLAGS = "-DNS_BLOCK_ASSERTIONS=1";
				SDKROOT = iphoneos;
				VALIDATE_PRODUCT = YES;
			};
			name = Release;
		};
		30D366E11573C9EB003471CC /* Debug */ = {
			isa = XCBuildConfiguration;
			buildSettings = {
				CLANG_ENABLE_OBJC_ARC = NO;
				FRAMEWORK_SEARCH_PATHS = (
					"$(inherited)",
					"\"$(SRCROOT)\"",
				);
				GCC_PRECOMPILE_PREFIX_HEADER = YES;
				GCC_PREFIX_HEADER = "FFAVFrames-test/RecordWithFFmpeg-Prefix.pch";
				HEADER_SEARCH_PATHS = "\"$(SRCROOT)/ffmpeg4ios/ffmpeg\"";
				INFOPLIST_FILE = "FFAVFrames-test/RecordWithFFmpeg-Info.plist";
				IPHONEOS_DEPLOYMENT_TARGET = 4.3;
				LIBRARY_SEARCH_PATHS = (
					"$(inherited)",
					"\"$(SRCROOT)/ffmpeg4ios/lib\"",
				);
				PRODUCT_NAME = RecordWithFFmpeg;
				VALID_ARCHS = armv7;
				WRAPPER_EXTENSION = app;
			};
			name = Debug;
		};
		30D366E21573C9EB003471CC /* Release */ = {
			isa = XCBuildConfiguration;
			buildSettings = {
				CLANG_ENABLE_OBJC_ARC = NO;
				FRAMEWORK_SEARCH_PATHS = (
					"$(inherited)",
					"\"$(SRCROOT)\"",
				);
				GCC_PRECOMPILE_PREFIX_HEADER = YES;
				GCC_PREFIX_HEADER = "FFAVFrames-test/RecordWithFFmpeg-Prefix.pch";
				HEADER_SEARCH_PATHS = "\"$(SRCROOT)/ffmpeg4ios/ffmpeg\"";
				INFOPLIST_FILE = "FFAVFrames-test/RecordWithFFmpeg-Info.plist";
				IPHONEOS_DEPLOYMENT_TARGET = 4.3;
				LIBRARY_SEARCH_PATHS = (
					"$(inherited)",
					"\"$(SRCROOT)/ffmpeg4ios/lib\"",
				);
				PRODUCT_NAME = RecordWithFFmpeg;
				VALID_ARCHS = armv7;
				WRAPPER_EXTENSION = app;
			};
			name = Release;
		};
/* End XCBuildConfiguration section */

/* Begin XCConfigurationList section */
		30D366BC1573C9EA003471CC /* Build configuration list for PBXProject "RecordWithFFmpeg" */ = {
			isa = XCConfigurationList;
			buildConfigurations = (
				30D366DE1573C9EB003471CC /* Debug */,
				30D366DF1573C9EB003471CC /* Release */,
			);
			defaultConfigurationIsVisible = 0;
			defaultConfigurationName = Release;
		};
		30D366E01573C9EB003471CC /* Build configuration list for PBXNativeTarget "RecordWithFFmpeg" */ = {
			isa = XCConfigurationList;
			buildConfigurations = (
				30D366E11573C9EB003471CC /* Debug */,
				30D366E21573C9EB003471CC /* Release */,
			);
			defaultConfigurationIsVisible = 0;
			defaultConfigurationName = Release;
		};
/* End XCConfigurationList section */
	};
	rootObject = 30D366B91573C9EA003471CC /* Project object */;
}
